
Microsoft Visual Studio Solution File, Format Version 12.00
# Visual Studio Version 17
VisualStudioVersion = 17.2.32616.157
MinimumVisualStudioVersion = 10.0.40219.1
Project("{FAE04EC0-301F-11D3-BF4B-00C04F79EFBC}") = "WpfApp1", "WpfApp1\WpfApp1.csproj", "{846E3B6F-75F1-4F43-9778-1F62B99E2B39}"
EndProject
Global
	GlobalSection(SolutionConfigurationPlatforms) = preSolution
		Debug|Any CPU = Debug|Any CPU
		Release|Any CPU = Release|Any CPU
	EndGlobalSection
	GlobalSection(ProjectConfigurationPlatforms) = postSolution
		{846E3B6F-75F1-4F43-9778-1F62B99E2B39}.Debug|Any CPU.ActiveCfg = Debug|Any CPU
		{846E3B6F-75F1-4F43-9778-1F62B99E2B39}.Debug|Any CPU.Build.0 = Debug|Any CPU
		{846E3B6F-75F1-4F43-9778-1F62B99E2B39}.Release|Any CPU.ActiveCfg = Release|Any CPU
		{846E3B6F-75F1-4F43-9778-1F62B99E2B39}.Release|Any CPU.Build.0 = Release|Any CPU
	EndGlobalSection
	GlobalSection(SolutionProperties) = preSolution
		HideSolutionNode = FALSE
	EndGlobalSection
	GlobalSection(ExtensibilityGlobals) = postSolution
		SolutionGuid = {87874AA0-5E5C-4992-A24F-684B828A43AF}
	EndGlobalSection
EndGlobal
